{
  "name": "examples",
  "version": "3.0.1",
  "lockfileVersion": 3,
  "requires": true,
  "packages": {
    "": {
      "name": "examples",
      "version": "3.0.1",
      "license": "MIT",
      "dependencies": {
        "debugtrace-js": "^3.0.0"
      }
    },
    "node_modules/debugtrace-js": {
      "version": "3.0.0",
      "resolved": "https://registry.npmjs.org/debugtrace-js/-/debugtrace-js-3.0.0.tgz",
      "integrity": "sha512-UvU6GKczhIHEmuEFwnvt6+88spWUOK92dP3PAmJAVEj4ohmo4zXqBDzI+iTNEErr+RH1JyD659iQUff1S6ni4Q==",
      "license": "MIT"
    }
  }
}
